
Microsoft Visual Studio Solution File, Format Version 12.00
# Visual Studio Version 17
VisualStudioVersion = 17.14.36518.9 d17.14
MinimumVisualStudioVersion = 10.0.40219.1
Project("{FAE04EC0-301F-11D3-BF4B-00C04F79EFBC}") = "FuranceBatchingAlgorithm", "FuranceBatchingAlgorithm\FuranceBatchingAlgorithm.csproj", "{F0E96AFC-09DF-4E56-939B-D9654FF4EC58}"
EndProject
Global
	GlobalSection(SolutionConfigurationPlatforms) = preSolution
		Debug|Any CPU = Debug|Any CPU
		Release|Any CPU = Release|Any CPU
	EndGlobalSection
	GlobalSection(ProjectConfigurationPlatforms) = postSolution
		{F0E96AFC-09DF-4E56-939B-D9654FF4EC58}.Debug|Any CPU.ActiveCfg = Debug|Any CPU
		{F0E96AFC-09DF-4E56-939B-D9654FF4EC58}.Debug|Any CPU.Build.0 = Debug|Any CPU
		{F0E96AFC-09DF-4E56-939B-D9654FF4EC58}.Release|Any CPU.ActiveCfg = Release|Any CPU
		{F0E96AFC-09DF-4E56-939B-D9654FF4EC58}.Release|Any CPU.Build.0 = Release|Any CPU
	EndGlobalSection
	GlobalSection(SolutionProperties) = preSolution
		HideSolutionNode = FALSE
	EndGlobalSection
	GlobalSection(ExtensibilityGlobals) = postSolution
		SolutionGuid = {55EC8A77-0BC9-4049-82A9-2549C5E72467}
	EndGlobalSection
EndGlobal
